<?xml version="1.0" encoding="utf-8"?>
<Project ToolsVersion="4.0" xmlns="http://schemas.microsoft.com/developer/msbuild/2003">
  <ItemGroup>
    <ClCompile Include="..\common\Audio.cpp">
      <Filter>源文件</Filter>
    </ClCompile>
    <ClCompile Include="control\WinXPButtonST.cpp">
      <Filter>源文件</Filter>
    </ClCompile>
    <ClCompile Include="AudioDlg.cpp">
      <Filter>源文件</Filter>
    </ClCompile>
    <ClCompile Include="BmpToAvi.cpp">
      <Filter>源文件</Filter>
    </ClCompile>
    <ClCompile Include="control\BtnST.cpp">
      <Filter>源文件</Filter>
    </ClCompile>
    <ClCompile Include="include\Buffer.cpp">
      <Filter>源文件</Filter>
    </ClCompile>
    <ClCompile Include="include\CpuUsage.cpp">
      <Filter>源文件</Filter>
    </ClCompile>
    <ClCompile Include="CustomTabCtrl.cpp">
      <Filter>源文件</Filter>
    </ClCompile>
    <ClCompile Include="DDOS.cpp">
      <Filter>源文件</Filter>
    </ClCompile>
    <ClCompile Include="EnDeCode.cpp">
      <Filter>源文件</Filter>
    </ClCompile>
    <ClCompile Include="FileManagerDlg.cpp">
      <Filter>源文件</Filter>
    </ClCompile>
    <ClCompile Include="FileTransferModeDlg.cpp">
      <Filter>源文件</Filter>
    </ClCompile>
    <ClCompile Include="GENGXIN.cpp">
      <Filter>源文件</Filter>
    </ClCompile>
    <ClCompile Include="gh0st.cpp">
      <Filter>源文件</Filter>
    </ClCompile>
    <ClCompile Include="gh0stDoc.cpp">
      <Filter>源文件</Filter>
    </ClCompile>
    <ClCompile Include="gh0stView.cpp">
      <Filter>源文件</Filter>
    </ClCompile>
    <ClCompile Include="GUANYU.cpp">
      <Filter>源文件</Filter>
    </ClCompile>
    <ClCompile Include="control\HoverEdit.cpp">
      <Filter>源文件</Filter>
    </ClCompile>
    <ClCompile Include="IniFile.cpp">
      <Filter>源文件</Filter>
    </ClCompile>
    <ClCompile Include="InputDlg.cpp">
      <Filter>源文件</Filter>
    </ClCompile>
    <ClCompile Include="include\IOCPServer.cpp">
      <Filter>源文件</Filter>
    </ClCompile>
    <ClCompile Include="KeyBoardDlg.cpp">
      <Filter>源文件</Filter>
    </ClCompile>
    <ClCompile Include="LOGIN.cpp">
      <Filter>源文件</Filter>
    </ClCompile>
    <ClCompile Include="MainFrm.cpp">
      <Filter>源文件</Filter>
    </ClCompile>
    <ClCompile Include="ScreenSpyDlg.cpp">
      <Filter>源文件</Filter>
    </ClCompile>
    <ClCompile Include="SettingsView.cpp">
      <Filter>源文件</Filter>
    </ClCompile>
    <ClCompile Include="SEU_QQwry.cpp">
      <Filter>源文件</Filter>
    </ClCompile>
    <ClCompile Include="ShellDlg.cpp">
      <Filter>源文件</Filter>
    </ClCompile>
    <ClCompile Include="SplashScreenEx.cpp">
      <Filter>源文件</Filter>
    </ClCompile>
    <ClCompile Include="StdAfx.cpp">
      <Filter>源文件</Filter>
    </ClCompile>
    <ClCompile Include="SystemDlg.cpp">
      <Filter>源文件</Filter>
    </ClCompile>
    <ClCompile Include="TabSDIFrameWnd.cpp">
      <Filter>源文件</Filter>
    </ClCompile>
    <ClCompile Include="ThemeUtil.cpp">
      <Filter>源文件</Filter>
    </ClCompile>
    <ClCompile Include="TrayIcon.cpp">
      <Filter>源文件</Filter>
    </ClCompile>
    <ClCompile Include="TrueColorToolBar.cpp">
      <Filter>源文件</Filter>
    </ClCompile>
    <ClCompile Include="WebCamDlg.cpp">
      <Filter>源文件</Filter>
    </ClCompile>
    <ClCompile Include="EncodingUtil.cpp">
      <Filter>源文件</Filter>
    </ClCompile>
  </ItemGroup>
  <ItemGroup>
    <ClInclude Include="AudioDlg.h">
      <Filter>头文件</Filter>
    </ClInclude>
    <ClInclude Include="BmpToAvi.h">
      <Filter>头文件</Filter>
    </ClInclude>
    <ClInclude Include="control\BtnST.h">
      <Filter>头文件</Filter>
    </ClInclude>
    <ClInclude Include="include\Buffer.h">
      <Filter>头文件</Filter>
    </ClInclude>
    <ClInclude Include="CustomTabCtrl.h">
      <Filter>头文件</Filter>
    </ClInclude>
    <ClInclude Include="DDOS.h">
      <Filter>头文件</Filter>
    </ClInclude>
    <ClInclude Include="encode.h">
      <Filter>头文件</Filter>
    </ClInclude>
    <ClInclude Include="EnDeCode.h">
      <Filter>头文件</Filter>
    </ClInclude>
    <ClInclude Include="FileManagerDlg.h">
      <Filter>头文件</Filter>
    </ClInclude>
    <ClInclude Include="FileTransferModeDlg.h">
      <Filter>头文件</Filter>
    </ClInclude>
    <ClInclude Include="GENGXIN.h">
      <Filter>头文件</Filter>
    </ClInclude>
    <ClInclude Include="gh0st.h">
      <Filter>头文件</Filter>
    </ClInclude>
    <ClInclude Include="gh0stDoc.h">
      <Filter>头文件</Filter>
    </ClInclude>
    <ClInclude Include="gh0stView.h">
      <Filter>头文件</Filter>
    </ClInclude>
    <ClInclude Include="GUANYU.h">
      <Filter>头文件</Filter>
    </ClInclude>
    <ClInclude Include="control\HoverEdit.h">
      <Filter>头文件</Filter>
    </ClInclude>
    <ClInclude Include="IniFile.h">
      <Filter>头文件</Filter>
    </ClInclude>
    <ClInclude Include="include\IOCPServer.h">
      <Filter>头文件</Filter>
    </ClInclude>
    <ClInclude Include="KeyBoardDlg.h">
      <Filter>头文件</Filter>
    </ClInclude>
    <ClInclude Include="LOGIN.h">
      <Filter>头文件</Filter>
    </ClInclude>
    <ClInclude Include="MainFrm.h">
      <Filter>头文件</Filter>
    </ClInclude>
    <ClInclude Include="include\_OrzEx\queue.h">
      <Filter>头文件</Filter>
    </ClInclude>
    <ClInclude Include="include\Queue.h">
      <Filter>头文件</Filter>
    </ClInclude>
    <ClInclude Include="Resource.h">
      <Filter>头文件</Filter>
    </ClInclude>
    <ClInclude Include="ScreenSpyDlg.h">
      <Filter>头文件</Filter>
    </ClInclude>
    <ClInclude Include="SettingsView.h">
      <Filter>头文件</Filter>
    </ClInclude>
    <ClInclude Include="SEU_QQwry.h">
      <Filter>头文件</Filter>
    </ClInclude>
    <ClInclude Include="ShellDlg.h">
      <Filter>头文件</Filter>
    </ClInclude>
    <ClInclude Include="StdAfx.h">
      <Filter>头文件</Filter>
    </ClInclude>
    <ClInclude Include="include\_OrzEx\syncobj.h">
      <Filter>头文件</Filter>
    </ClInclude>
    <ClInclude Include="SystemDlg.h">
      <Filter>头文件</Filter>
    </ClInclude>
    <ClInclude Include="TabSDIFrameWnd.h">
      <Filter>头文件</Filter>
    </ClInclude>
    <ClInclude Include="ThemeUtil.h">
      <Filter>头文件</Filter>
    </ClInclude>
    <ClInclude Include="Tmschema.h">
      <Filter>头文件</Filter>
    </ClInclude>
    <ClInclude Include="TrayIcon.h">
      <Filter>头文件</Filter>
    </ClInclude>
    <ClInclude Include="WebCamDlg.h">
      <Filter>头文件</Filter>
    </ClInclude>
    <ClInclude Include="control\WinXPButtonST.h">
      <Filter>头文件</Filter>
    </ClInclude>
    <ClInclude Include="TrueColorToolBar.h">
      <Filter>头文件</Filter>
    </ClInclude>
    <ClInclude Include="SplashScreenEx.h">
      <Filter>源文件</Filter>
    </ClInclude>
    <ClInclude Include="EncodingUtil.h">
      <Filter>头文件</Filter>
    </ClInclude>
  </ItemGroup>
  <ItemGroup>
    <CustomBuild Include="res\1.cur">
      <Filter>资源</Filter>
    </CustomBuild>
    <CustomBuild Include="res\4.cur">
      <Filter>资源</Filter>
    </CustomBuild>
    <CustomBuild Include="res\2.cur">
      <Filter>资源</Filter>
    </CustomBuild>
    <CustomBuild Include="res\3.cur">
      <Filter>资源</Filter>
    </CustomBuild>
    <CustomBuild Include="res\Bitmap_4.bmp">
      <Filter>资源</Filter>
    </CustomBuild>
    <CustomBuild Include="res\Bitmap_5.bmp">
      <Filter>资源</Filter>
    </CustomBuild>
    <CustomBuild Include="res\cmdshell.ico">
      <Filter>资源</Filter>
    </CustomBuild>
    <CustomBuild Include="res\dot.cur">
      <Filter>资源</Filter>
    </CustomBuild>
    <CustomBuild Include="res\gh0st.ico">
      <Filter>资源</Filter>
    </CustomBuild>
    <CustomBuild Include="res\gh0st.rc2">
      <Filter>资源</Filter>
    </CustomBuild>
    <CustomBuild Include="res\keyboard.ico">
      <Filter>资源</Filter>
    </CustomBuild>
    <CustomBuild Include="res\splish.bmp">
      <Filter>资源</Filter>
    </CustomBuild>
    <CustomBuild Include="res\system.ico">
      <Filter>资源</Filter>
    </CustomBuild>
    <CustomBuild Include="res\toolbar1.bmp">
      <Filter>资源</Filter>
    </CustomBuild>
    <CustomBuild Include="res\toolbar2.bmp">
      <Filter>资源</Filter>
    </CustomBuild>
    <CustomBuild Include="res\webcam.ico">
      <Filter>资源</Filter>
    </CustomBuild>
    <CustomBuild Include="res\audio.ico">
      <Filter>资源</Filter>
    </CustomBuild>
  </ItemGroup>
  <ItemGroup>
    <Filter Include="资源">
      <UniqueIdentifier>{614390f1-3321-48c7-96d2-3713c3bd6448}</UniqueIdentifier>
    </Filter>
    <Filter Include="头文件">
      <UniqueIdentifier>{4eb9c2bf-fc18-4aa4-815f-80f755c73bd9}</UniqueIdentifier>
    </Filter>
    <Filter Include="源文件">
      <UniqueIdentifier>{9228b307-a199-4e02-819c-865e884e9e12}</UniqueIdentifier>
    </Filter>
  </ItemGroup>
  <ItemGroup>
    <ResourceCompile Include="gh0st.rc">
      <Filter>资源</Filter>
    </ResourceCompile>
  </ItemGroup>
</Project>